
Microsoft Visual Studio Solution File, Format Version 12.00
# Visual Studio Version 17
VisualStudioVersion = 17.3.32922.545
MinimumVisualStudioVersion = 10.0.40219.1
Project("{FAE04EC0-301F-11D3-BF4B-00C04F79EFBC}") = "geometria", "geometria\geometria.csproj", "{BD2551F1-7826-47D4-A0F3-155183CC9A7D}"
EndProject
Global
	GlobalSection(SolutionConfigurationPlatforms) = preSolution
		Debug|Any CPU = Debug|Any CPU
		Release|Any CPU = Release|Any CPU
	EndGlobalSection
	GlobalSection(ProjectConfigurationPlatforms) = postSolution
		{BD2551F1-7826-47D4-A0F3-155183CC9A7D}.Debug|Any CPU.ActiveCfg = Debug|Any CPU
		{BD2551F1-7826-47D4-A0F3-155183CC9A7D}.Debug|Any CPU.Build.0 = Debug|Any CPU
		{BD2551F1-7826-47D4-A0F3-155183CC9A7D}.Release|Any CPU.ActiveCfg = Release|Any CPU
		{BD2551F1-7826-47D4-A0F3-155183CC9A7D}.Release|Any CPU.Build.0 = Release|Any CPU
	EndGlobalSection
	GlobalSection(SolutionProperties) = preSolution
		HideSolutionNode = FALSE
	EndGlobalSection
	GlobalSection(ExtensibilityGlobals) = postSolution
		SolutionGuid = {3C93BF71-83AA-4D26-9AB9-95FC3D57CBAA}
	EndGlobalSection
EndGlobal
